// !$*UTF8*$!
{
	archiveVersion = 1;
	classes = {
	};
	objectVersion = 50;
	objects = {

/* Begin PBXBuildFile section */
		3FE69100278C98E100AB29E7 /* To_Do_ListApp.swift in Sources */ = {isa = PBXBuildFile; fileRef = 3FE690FF278C98E100AB29E7 /* To_Do_ListApp.swift */; };
		3FE69102278C98E100AB29E7 /* ContentView.swift in Sources */ = {isa = PBXBuildFile; fileRef = 3FE69101278C98E100AB29E7 /* ContentView.swift */; };
		3FE69104278C98E300AB29E7 /* Assets.xcassets in Resources */ = {isa = PBXBuildFile; fileRef = 3FE69103278C98E300AB29E7 /* Assets.xcassets */; };
		3FE69107278C98E300AB29E7 /* Preview Assets.xcassets in Resources */ = {isa = PBXBuildFile; fileRef = 3FE69106278C98E300AB29E7 /* Preview Assets.xcassets */; };
		3FE69112278C98E400AB29E7 /* To_Do_ListTests.swift in Sources */ = {isa = PBXBuildFile; fileRef = 3FE69111278C98E400AB29E7 /* To_Do_ListTests.swift */; };
		3FE6911D278C98E400AB29E7 /* To_Do_ListUITests.swift in Sources */ = {isa = PBXBuildFile; fileRef = 3FE6911C278C98E400AB29E7 /* To_Do_ListUITests.swift */; };
		3FFFDEFD278F3C8900AF633E /* ToDoList.swift in Sources */ = {isa = PBXBuildFile; fileRef = 3FFFDEFC278F3C8900AF633E /* ToDoList.swift */; };
/* End PBXBuildFile section */

/* Begin PBXContainerItemProxy section */
		3FE6910E278C98E400AB29E7 /* PBXContainerItemProxy */ = {
			isa = PBXContainerItemProxy;
			containerPortal = 3FE690F4278C98E100AB29E7 /* Project object */;
			proxyType = 1;
			remoteGlobalIDString = 3FE690FB278C98E100AB29E7;
			remoteInfo = "To-Do List";
		};
		3FE69119278C98E400AB29E7 /* PBXContainerItemProxy */ = {
			isa = PBXContainerItemProxy;
			containerPortal = 3FE690F4278C98E100AB29E7 /* Project object */;
			proxyType = 1;
			remoteGlobalIDString = 3FE690FB278C98E100AB29E7;
			remoteInfo = "To-Do List";
		};
/* End PBXContainerItemProxy section */

/* Begin PBXFileReference section */
		3FE690FC278C98E100AB29E7 /* To-Do List.app */ = {isa = PBXFileReference; explicitFileType = wrapper.application; includeInIndex = 0; path = "To-Do List.app"; sourceTree = BUILT_PRODUCTS_DIR; };
		3FE690FF278C98E100AB29E7 /* To_Do_ListApp.swift */ = {isa = PBXFileReference; lastKnownFileType = sourcecode.swift; path = To_Do_ListApp.swift; sourceTree = "<group>"; };
		3FE69101278C98E100AB29E7 /* ContentView.swift */ = {isa = PBXFileReference; lastKnownFileType = sourcecode.swift; path = ContentView.swift; sourceTree = "<group>"; };
		3FE69103278C98E300AB29E7 /* Assets.xcassets */ = {isa = PBXFileReference; lastKnownFileType = folder.assetcatalog; path = Assets.xcassets; sourceTree = "<group>"; };
		3FE69106278C98E300AB29E7 /* Preview Assets.xcassets */ = {isa = PBXFileReference; lastKnownFileType = folder.assetcatalog; path = "Preview Assets.xcassets"; sourceTree = "<group>"; };
		3FE69108278C98E300AB29E7 /* Info.plist */ = {isa = PBXFileReference; lastKnownFileType = text.plist.xml; path = Info.plist; sourceTree = "<group>"; };
		3FE6910D278C98E400AB29E7 /* To-Do ListTests.xctest */ = {isa = PBXFileReference; explicitFileType = wrapper.cfbundle; includeInIndex = 0; path = "To-Do ListTests.xctest"; sourceTree = BUILT_PRODUCTS_DIR; };
		3FE69111278C98E400AB29E7 /* To_Do_ListTests.swift */ = {isa = PBXFileReference; lastKnownFileType = sourcecode.swift; path = To_Do_ListTests.swift; sourceTree = "<group>"; };
		3FE69113278C98E400AB29E7 /* Info.plist */ = {isa = PBXFileReference; lastKnownFileType = text.plist.xml; path = Info.plist; sourceTree = "<group>"; };
		3FE69118278C98E400AB29E7 /* To-Do ListUITests.xctest */ = {isa = PBXFileReference; explicitFileType = wrapper.cfbundle; includeInIndex = 0; path = "To-Do ListUITests.xctest"; sourceTree = BUILT_PRODUCTS_DIR; };
		3FE6911C278C98E400AB29E7 /* To_Do_ListUITests.swift */ = {isa = PBXFileReference; lastKnownFileType = sourcecode.swift; path = To_Do_ListUITests.swift; sourceTree = "<group>"; };
		3FE6911E278C98E400AB29E7 /* Info.plist */ = {isa = PBXFileReference; lastKnownFileType = text.plist.xml; path = Info.plist; sourceTree = "<group>"; };
		3FFFDEFC278F3C8900AF633E /* ToDoList.swift */ = {isa = PBXFileReference; lastKnownFileType = sourcecode.swift; path = ToDoList.swift; sourceTree = "<group>"; };
/* End PBXFileReference section */

/* Begin PBXFrameworksBuildPhase section */
		3FE690F9278C98E100AB29E7 /* Frameworks */ = {
			isa = PBXFrameworksBuildPhase;
			buildActionMask = 2147483647;
			files = (
			);
			runOnlyForDeploymentPostprocessing = 0;
		};
		3FE6910A278C98E400AB29E7 /* Frameworks */ = {
			isa = PBXFrameworksBuildPhase;
			buildActionMask = 2147483647;
			files = (
			);
			runOnlyForDeploymentPostprocessing = 0;
		};
		3FE69115278C98E400AB29E7 /* Frameworks */ = {
			isa = PBXFrameworksBuildPhase;
			buildActionMask = 2147483647;
			files = (
			);
			runOnlyForDeploymentPostprocessing = 0;
		};
/* End PBXFrameworksBuildPhase section */

/* Begin PBXGroup section */
		3FE690F3278C98E100AB29E7 = {
			isa = PBXGroup;
			children = (
				3FE690FE278C98E100AB29E7 /* To-Do List */,
				3FE69110278C98E400AB29E7 /* To-Do ListTests */,
				3FE6911B278C98E400AB29E7 /* To-Do ListUITests */,
				3FE690FD278C98E100AB29E7 /* Products */,
			);
			sourceTree = "<group>";
		};
		3FE690FD278C98E100AB29E7 /* Products */ = {
			isa = PBXGroup;
			children = (
				3FE690FC278C98E100AB29E7 /* To-Do List.app */,
				3FE6910D278C98E400AB29E7 /* To-Do ListTests.xctest */,
				3FE69118278C98E400AB29E7 /* To-Do ListUITests.xctest */,
			);
			name = Products;
			sourceTree = "<group>";
		};
		3FE690FE278C98E100AB29E7 /* To-Do List */ = {
			isa = PBXGroup;
			children = (
				3FE690FF278C98E100AB29E7 /* To_Do_ListApp.swift */,
				3FE69101278C98E100AB29E7 /* ContentView.swift */,
				3FFFDEFC278F3C8900AF633E /* ToDoList.swift */,
				3FE69103278C98E300AB29E7 /* Assets.xcassets */,
				3FE69108278C98E300AB29E7 /* Info.plist */,
				3FE69105278C98E300AB29E7 /* Preview Content */,
			);
			path = "To-Do List";
			sourceTree = "<group>";
		};
		3FE69105278C98E300AB29E7 /* Preview Content */ = {
			isa = PBXGroup;
			children = (
				3FE69106278C98E300AB29E7 /* Preview Assets.xcassets */,
			);
			path = "Preview Content";
			sourceTree = "<group>";
		};
		3FE69110278C98E400AB29E7 /* To-Do ListTests */ = {
			isa = PBXGroup;
			children = (
				3FE69111278C98E400AB29E7 /* To_Do_ListTests.swift */,
				3FE69113278C98E400AB29E7 /* Info.plist */,
			);
			path = "To-Do ListTests";
			sourceTree = "<group>";
		};
		3FE6911B278C98E400AB29E7 /* To-Do ListUITests */ = {
			isa = PBXGroup;
			children = (
				3FE6911C278C98E400AB29E7 /* To_Do_ListUITests.swift */,
				3FE6911E278C98E400AB29E7 /* Info.plist */,
			);
			path = "To-Do ListUITests";
			sourceTree = "<group>";
		};
/* End PBXGroup section */

/* Begin PBXNativeTarget section */
		3FE690FB278C98E100AB29E7 /* To-Do List */ = {
			isa = PBXNativeTarget;
			buildConfigurationList = 3FE69121278C98E400AB29E7 /* Build configuration list for PBXNativeTarget "To-Do List" */;
			buildPhases = (
				3FE690F8278C98E100AB29E7 /* Sources */,
				3FE690F9278C98E100AB29E7 /* Frameworks */,
				3FE690FA278C98E100AB29E7 /* Resources */,
			);
			buildRules = (
			);
			dependencies = (
			);
			name = "To-Do List";
			productName = "To-Do List";
			productReference = 3FE690FC278C98E100AB29E7 /* To-Do List.app */;
			productType = "com.apple.product-type.application";
		};
		3FE6910C278C98E400AB29E7 /* To-Do ListTests */ = {
			isa = PBXNativeTarget;
			buildConfigurationList = 3FE69124278C98E400AB29E7 /* Build configuration list for PBXNativeTarget "To-Do ListTests" */;
			buildPhases = (
				3FE69109278C98E400AB29E7 /* Sources */,
				3FE6910A278C98E400AB29E7 /* Frameworks */,
				3FE6910B278C98E400AB29E7 /* Resources */,
			);
			buildRules = (
			);
			dependencies = (
				3FE6910F278C98E400AB29E7 /* PBXTargetDependency */,
			);
			name = "To-Do ListTests";
			productName = "To-Do ListTests";
			productReference = 3FE6910D278C98E400AB29E7 /* To-Do ListTests.xctest */;
			productType = "com.apple.product-type.bundle.unit-test";
		};
		3FE69117278C98E400AB29E7 /* To-Do ListUITests */ = {
			isa = PBXNativeTarget;
			buildConfigurationList = 3FE69127278C98E400AB29E7 /* Build configuration list for PBXNativeTarget "To-Do ListUITests" */;
			buildPhases = (
				3FE69114278C98E400AB29E7 /* Sources */,
				3FE69115278C98E400AB29E7 /* Frameworks */,
				3FE69116278C98E400AB29E7 /* Resources */,
			);
			buildRules = (
			);
			dependencies = (
				3FE6911A278C98E400AB29E7 /* PBXTargetDependency */,
			);
			name = "To-Do ListUITests";
			productName = "To-Do ListUITests";
			productReference = 3FE69118278C98E400AB29E7 /* To-Do ListUITests.xctest */;
			productType = "com.apple.product-type.bundle.ui-testing";
		};
/* End PBXNativeTarget section */

/* Begin PBXProject section */
		3FE690F4278C98E100AB29E7 /* Project object */ = {
			isa = PBXProject;
			attributes = {
				LastSwiftUpdateCheck = 1250;
				LastUpgradeCheck = 1250;
				TargetAttributes = {
					3FE690FB278C98E100AB29E7 = {
						CreatedOnToolsVersion = 12.5.1;
					};
					3FE6910C278C98E400AB29E7 = {
						CreatedOnToolsVersion = 12.5.1;
						TestTargetID = 3FE690FB278C98E100AB29E7;
					};
					3FE69117278C98E400AB29E7 = {
						CreatedOnToolsVersion = 12.5.1;
						TestTargetID = 3FE690FB278C98E100AB29E7;
					};
				};
			};
			buildConfigurationList = 3FE690F7278C98E100AB29E7 /* Build configuration list for PBXProject "To-Do List" */;
			compatibilityVersion = "Xcode 9.3";
			developmentRegion = en;
			hasScannedForEncodings = 0;
			knownRegions = (
				en,
				Base,
			);
			mainGroup = 3FE690F3278C98E100AB29E7;
			productRefGroup = 3FE690FD278C98E100AB29E7 /* Products */;
			projectDirPath = "";
			projectRoot = "";
			targets = (
				3FE690FB278C98E100AB29E7 /* To-Do List */,
				3FE6910C278C98E400AB29E7 /* To-Do ListTests */,
				3FE69117278C98E400AB29E7 /* To-Do ListUITests */,
			);
		};
/* End PBXProject section */

/* Begin PBXResourcesBuildPhase section */
		3FE690FA278C98E100AB29E7 /* Resources */ = {
			isa = PBXResourcesBuildPhase;
			buildActionMask = 2147483647;
			files = (
				3FE69107278C98E300AB29E7 /* Preview Assets.xcassets in Resources */,
				3FE69104278C98E300AB29E7 /* Assets.xcassets in Resources */,
			);
			runOnlyForDeploymentPostprocessing = 0;
		};
		3FE6910B278C98E400AB29E7 /* Resources */ = {
			isa = PBXResourcesBuildPhase;
			buildActionMask = 2147483647;
			files = (
			);
			runOnlyForDeploymentPostprocessing = 0;
		};
		3FE69116278C98E400AB29E7 /* Resources */ = {
			isa = PBXResourcesBuildPhase;
			buildActionMask = 2147483647;
			files = (
			);
			runOnlyForDeploymentPostprocessing = 0;
		};
/* End PBXResourcesBuildPhase section */

/* Begin PBXSourcesBuildPhase section */
		3FE690F8278C98E100AB29E7 /* Sources */ = {
			isa = PBXSourcesBuildPhase;
			buildActionMask = 2147483647;
			files = (
				3FE69102278C98E100AB29E7 /* ContentView.swift in Sources */,
				3FFFDEFD278F3C8900AF633E /* ToDoList.swift in Sources */,
				3FE69100278C98E100AB29E7 /* To_Do_ListApp.swift in Sources */,
			);
			runOnlyForDeploymentPostprocessing = 0;
		};
		3FE69109278C98E400AB29E7 /* Sources */ = {
			isa = PBXSourcesBuildPhase;
			buildActionMask = 2147483647;
			files = (
				3FE69112278C98E400AB29E7 /* To_Do_ListTests.swift in Sources */,
			);
			runOnlyForDeploymentPostprocessing = 0;
		};
		3FE69114278C98E400AB29E7 /* Sources */ = {
			isa = PBXSourcesBuildPhase;
			buildActionMask = 2147483647;
			files = (
				3FE6911D278C98E400AB29E7 /* To_Do_ListUITests.swift in Sources */,
			);
			runOnlyForDeploymentPostprocessing = 0;
		};
/* End PBXSourcesBuildPhase section */

/* Begin PBXTargetDependency section */
		3FE6910F278C98E400AB29E7 /* PBXTargetDependency */ = {
			isa = PBXTargetDependency;
			target = 3FE690FB278C98E100AB29E7 /* To-Do List */;
			targetProxy = 3FE6910E278C98E400AB29E7 /* PBXContainerItemProxy */;
		};
		3FE6911A278C98E400AB29E7 /* PBXTargetDependency */ = {
			isa = PBXTargetDependency;
			target = 3FE690FB278C98E100AB29E7 /* To-Do List */;
			targetProxy = 3FE69119278C98E400AB29E7 /* PBXContainerItemProxy */;
		};
/* End PBXTargetDependency section */

/* Begin XCBuildConfiguration section */
		3FE6911F278C98E400AB29E7 /* Debug */ = {
			isa = XCBuildConfiguration;
			buildSettings = {
				ALWAYS_SEARCH_USER_PATHS = NO;
				CLANG_ANALYZER_NONNULL = YES;
				CLANG_ANALYZER_NUMBER_OBJECT_CONVERSION = YES_AGGRESSIVE;
				CLANG_CXX_LANGUAGE_STANDARD = "gnu++14";
				CLANG_CXX_LIBRARY = "libc++";
				CLANG_ENABLE_MODULES = YES;
				CLANG_ENABLE_OBJC_ARC = YES;
				CLANG_ENABLE_OBJC_WEAK = YES;
				CLANG_WARN_BLOCK_CAPTURE_AUTORELEASING = YES;
				CLANG_WARN_BOOL_CONVERSION = YES;
				CLANG_WARN_COMMA = YES;
				CLANG_WARN_CONSTANT_CONVERSION = YES;
				CLANG_WARN_DEPRECATED_OBJC_IMPLEMENTATIONS = YES;
				CLANG_WARN_DIRECT_OBJC_ISA_USAGE = YES_ERROR;
				CLANG_WARN_DOCUMENTATION_COMMENTS = YES;
				CLANG_WARN_EMPTY_BODY = YES;
				CLANG_WARN_ENUM_CONVERSION = YES;
				CLANG_WARN_INFINITE_RECURSION = YES;
				CLANG_WARN_INT_CONVERSION = YES;
				CLANG_WARN_NON_LITERAL_NULL_CONVERSION = YES;
				CLANG_WARN_OBJC_IMPLICIT_RETAIN_SELF = YES;
				CLANG_WARN_OBJC_LITERAL_CONVERSION = YES;
				CLANG_WARN_OBJC_ROOT_CLASS = YES_ERROR;
				CLANG_WARN_QUOTED_INCLUDE_IN_FRAMEWORK_HEADER = YES;
				CLANG_WARN_RANGE_LOOP_ANALYSIS = YES;
				CLANG_WARN_STRICT_PROTOTYPES = YES;
				CLANG_WARN_SUSPICIOUS_MOVE = YES;
				CLANG_WARN_UNGUARDED_AVAILABILITY = YES_AGGRESSIVE;
				CLANG_WARN_UNREACHABLE_CODE = YES;
				CLANG_WARN__DUPLICATE_METHOD_MATCH = YES;
				COPY_PHASE_STRIP = NO;
				DEBUG_INFORMATION_FORMAT = dwarf;
				ENABLE_STRICT_OBJC_MSGSEND = YES;
				ENABLE_TESTABILITY = YES;
				GCC_C_LANGUAGE_STANDARD = gnu11;
				GCC_DYNAMIC_NO_PIC = NO;
				GCC_NO_COMMON_BLOCKS = YES;
				GCC_OPTIMIZATION_LEVEL = 0;
				GCC_PREPROCESSOR_DEFINITIONS = (
					"DEBUG=1",
					"$(inherited)",
				);
				GCC_WARN_64_TO_32_BIT_CONVERSION = YES;
				GCC_WARN_ABOUT_RETURN_TYPE = YES_ERROR;
				GCC_WARN_UNDECLARED_SELECTOR = YES;
				GCC_WARN_UNINITIALIZED_AUTOS = YES_AGGRESSIVE;
				GCC_WARN_UNUSED_FUNCTION = YES;
				GCC_WARN_UNUSED_VARIABLE = YES;
				IPHONEOS_DEPLOYMENT_TARGET = 14.5;
				MTL_ENABLE_DEBUG_INFO = INCLUDE_SOURCE;
				MTL_FAST_MATH = YES;
				ONLY_ACTIVE_ARCH = YES;
				SDKROOT = iphoneos;
				SWIFT_ACTIVE_COMPILATION_CONDITIONS = DEBUG;
				SWIFT_OPTIMIZATION_LEVEL = "-Onone";
			};
			name = Debug;
		};
		3FE69120278C98E400AB29E7 /* Release */ = {
			isa = XCBuildConfiguration;
			buildSettings = {
				ALWAYS_SEARCH_USER_PATHS = NO;
				CLANG_ANALYZER_NONNULL = YES;
				CLANG_ANALYZER_NUMBER_OBJECT_CONVERSION = YES_AGGRESSIVE;
				CLANG_CXX_LANGUAGE_STANDARD = "gnu++14";
				CLANG_CXX_LIBRARY = "libc++";
				CLANG_ENABLE_MODULES = YES;
				CLANG_ENABLE_OBJC_ARC = YES;
				CLANG_ENABLE_OBJC_WEAK = YES;
				CLANG_WARN_BLOCK_CAPTURE_AUTORELEASING = YES;
				CLANG_WARN_BOOL_CONVERSION = YES;
				CLANG_WARN_COMMA = YES;
				CLANG_WARN_CONSTANT_CONVERSION = YES;
				CLANG_WARN_DEPRECATED_OBJC_IMPLEMENTATIONS = YES;
				CLANG_WARN_DIRECT_OBJC_ISA_USAGE = YES_ERROR;
				CLANG_WARN_DOCUMENTATION_COMMENTS = YES;
				CLANG_WARN_EMPTY_BODY = YES;
				CLANG_WARN_ENUM_CONVERSION = YES;
				CLANG_WARN_INFINITE_RECURSION = YES;
				CLANG_WARN_INT_CONVERSION = YES;
				CLANG_WARN_NON_LITERAL_NULL_CONVERSION = YES;
				CLANG_WARN_OBJC_IMPLICIT_RETAIN_SELF = YES;
				CLANG_WARN_OBJC_LITERAL_CONVERSION = YES;
				CLANG_WARN_OBJC_ROOT_CLASS = YES_ERROR;
				CLANG_WARN_QUOTED_INCLUDE_IN_FRAMEWORK_HEADER = YES;
				CLANG_WARN_RANGE_LOOP_ANALYSIS = YES;
				CLANG_WARN_STRICT_PROTOTYPES = YES;
				CLANG_WARN_SUSPICIOUS_MOVE = YES;
				CLANG_WARN_UNGUARDED_AVAILABILITY = YES_AGGRESSIVE;
				CLANG_WARN_UNREACHABLE_CODE = YES;
				CLANG_WARN__DUPLICATE_METHOD_MATCH = YES;
				COPY_PHASE_STRIP = NO;
				DEBUG_INFORMATION_FORMAT = "dwarf-with-dsym";
				ENABLE_NS_ASSERTIONS = NO;
				ENABLE_STRICT_OBJC_MSGSEND = YES;
				GCC_C_LANGUAGE_STANDARD = gnu11;
				GCC_NO_COMMON_BLOCKS = YES;
				GCC_WARN_64_TO_32_BIT_CONVERSION = YES;
				GCC_WARN_ABOUT_RETURN_TYPE = YES_ERROR;
				GCC_WARN_UNDECLARED_SELECTOR = YES;
				GCC_WARN_UNINITIALIZED_AUTOS = YES_AGGRESSIVE;
				GCC_WARN_UNUSED_FUNCTION = YES;
				GCC_WARN_UNUSED_VARIABLE = YES;
				IPHONEOS_DEPLOYMENT_TARGET = 14.5;
				MTL_ENABLE_DEBUG_INFO = NO;
				MTL_FAST_MATH = YES;
				SDKROOT = iphoneos;
				SWIFT_COMPILATION_MODE = wholemodule;
				SWIFT_OPTIMIZATION_LEVEL = "-O";
				VALIDATE_PRODUCT = YES;
			};
			name = Release;
		};
		3FE69122278C98E400AB29E7 /* Debug */ = {
			isa = XCBuildConfiguration;
			buildSettings = {
				ASSETCATALOG_COMPILER_APPICON_NAME = AppIcon;
				ASSETCATALOG_COMPILER_GLOBAL_ACCENT_COLOR_NAME = AccentColor;
				CODE_SIGN_STYLE = Automatic;
				DEVELOPMENT_ASSET_PATHS = "\"To-Do List/Preview Content\"";
				DEVELOPMENT_TEAM = FCRQZKVHZ2;
				ENABLE_PREVIEWS = YES;
				INFOPLIST_FILE = "To-Do List/Info.plist";
				IPHONEOS_DEPLOYMENT_TARGET = 14.0;
				LD_RUNPATH_SEARCH_PATHS = (
					"$(inherited)",
					"@executable_path/Frameworks",
				);
				PRODUCT_BUNDLE_IDENTIFIER = "LouisTech.To-Do-List";
				PRODUCT_NAME = "$(TARGET_NAME)";
				SWIFT_VERSION = 5.0;
				TARGETED_DEVICE_FAMILY = "1,2";
			};
			name = Debug;
		};
		3FE69123278C98E400AB29E7 /* Release */ = {
			isa = XCBuildConfiguration;
			buildSettings = {
				ASSETCATALOG_COMPILER_APPICON_NAME = AppIcon;
				ASSETCATALOG_COMPILER_GLOBAL_ACCENT_COLOR_NAME = AccentColor;
				CODE_SIGN_STYLE = Automatic;
				DEVELOPMENT_ASSET_PATHS = "\"To-Do List/Preview Content\"";
				DEVELOPMENT_TEAM = FCRQZKVHZ2;
				ENABLE_PREVIEWS = YES;
				INFOPLIST_FILE = "To-Do List/Info.plist";
				IPHONEOS_DEPLOYMENT_TARGET = 14.0;
				LD_RUNPATH_SEARCH_PATHS = (
					"$(inherited)",
					"@executable_path/Frameworks",
				);
				PRODUCT_BUNDLE_IDENTIFIER = "LouisTech.To-Do-List";
				PRODUCT_NAME = "$(TARGET_NAME)";
				SWIFT_VERSION = 5.0;
				TARGETED_DEVICE_FAMILY = "1,2";
			};
			name = Release;
		};
		3FE69125278C98E400AB29E7 /* Debug */ = {
			isa = XCBuildConfiguration;
			buildSettings = {
				ALWAYS_EMBED_SWIFT_STANDARD_LIBRARIES = YES;
				BUNDLE_LOADER = "$(TEST_HOST)";
				CODE_SIGN_STYLE = Automatic;
				DEVELOPMENT_TEAM = FCRQZKVHZ2;
				INFOPLIST_FILE = "To-Do ListTests/Info.plist";
				IPHONEOS_DEPLOYMENT_TARGET = 14.0;
				LD_RUNPATH_SEARCH_PATHS = (
					"$(inherited)",
					"@executable_path/Frameworks",
					"@loader_path/Frameworks",
				);
				PRODUCT_BUNDLE_IDENTIFIER = "LouisTech.To-Do-ListTests";
				PRODUCT_NAME = "$(TARGET_NAME)";
				SWIFT_VERSION = 5.0;
				TARGETED_DEVICE_FAMILY = "1,2";
				TEST_HOST = "$(BUILT_PRODUCTS_DIR)/To-Do List.app/To-Do List";
			};
			name = Debug;
		};
		3FE69126278C98E400AB29E7 /* Release */ = {
			isa = XCBuildConfiguration;
			buildSettings = {
				ALWAYS_EMBED_SWIFT_STANDARD_LIBRARIES = YES;
				BUNDLE_LOADER = "$(TEST_HOST)";
				CODE_SIGN_STYLE = Automatic;
				DEVELOPMENT_TEAM = FCRQZKVHZ2;
				INFOPLIST_FILE = "To-Do ListTests/Info.plist";
				IPHONEOS_DEPLOYMENT_TARGET = 14.0;
				LD_RUNPATH_SEARCH_PATHS = (
					"$(inherited)",
					"@executable_path/Frameworks",
					"@loader_path/Frameworks",
				);
				PRODUCT_BUNDLE_IDENTIFIER = "LouisTech.To-Do-ListTests";
				PRODUCT_NAME = "$(TARGET_NAME)";
				SWIFT_VERSION = 5.0;
				TARGETED_DEVICE_FAMILY = "1,2";
				TEST_HOST = "$(BUILT_PRODUCTS_DIR)/To-Do List.app/To-Do List";
			};
			name = Release;
		};
		3FE69128278C98E400AB29E7 /* Debug */ = {
			isa = XCBuildConfiguration;
			buildSettings = {
				ALWAYS_EMBED_SWIFT_STANDARD_LIBRARIES = YES;
				CODE_SIGN_STYLE = Automatic;
				DEVELOPMENT_TEAM = FCRQZKVHZ2;
				INFOPLIST_FILE = "To-Do ListUITests/Info.plist";
				LD_RUNPATH_SEARCH_PATHS = (
					"$(inherited)",
					"@executable_path/Frameworks",
					"@loader_path/Frameworks",
				);
				PRODUCT_BUNDLE_IDENTIFIER = "LouisTech.To-Do-ListUITests";
				PRODUCT_NAME = "$(TARGET_NAME)";
				SWIFT_VERSION = 5.0;
				TARGETED_DEVICE_FAMILY = "1,2";
				TEST_TARGET_NAME = "To-Do List";
			};
			name = Debug;
		};
		3FE69129278C98E400AB29E7 /* Release */ = {
			isa = XCBuildConfiguration;
			buildSettings = {
				ALWAYS_EMBED_SWIFT_STANDARD_LIBRARIES = YES;
				CODE_SIGN_STYLE = Automatic;
				DEVELOPMENT_TEAM = FCRQZKVHZ2;
				INFOPLIST_FILE = "To-Do ListUITests/Info.plist";
				LD_RUNPATH_SEARCH_PATHS = (
					"$(inherited)",
					"@executable_path/Frameworks",
					"@loader_path/Frameworks",
				);
				PRODUCT_BUNDLE_IDENTIFIER = "LouisTech.To-Do-ListUITests";
				PRODUCT_NAME = "$(TARGET_NAME)";
				SWIFT_VERSION = 5.0;
				TARGETED_DEVICE_FAMILY = "1,2";
				TEST_TARGET_NAME = "To-Do List";
			};
			name = Release;
		};
/* End XCBuildConfiguration section */

/* Begin XCConfigurationList section */
		3FE690F7278C98E100AB29E7 /* Build configuration list for PBXProject "To-Do List" */ = {
			isa = XCConfigurationList;
			buildConfigurations = (
				3FE6911F278C98E400AB29E7 /* Debug */,
				3FE69120278C98E400AB29E7 /* Release */,
			);
			defaultConfigurationIsVisible = 0;
			defaultConfigurationName = Release;
		};
		3FE69121278C98E400AB29E7 /* Build configuration list for PBXNativeTarget "To-Do List" */ = {
			isa = XCConfigurationList;
			buildConfigurations = (
				3FE69122278C98E400AB29E7 /* Debug */,
				3FE69123278C98E400AB29E7 /* Release */,
			);
			defaultConfigurationIsVisible = 0;
			defaultConfigurationName = Release;
		};
		3FE69124278C98E400AB29E7 /* Build configuration list for PBXNativeTarget "To-Do ListTests" */ = {
			isa = XCConfigurationList;
			buildConfigurations = (
				3FE69125278C98E400AB29E7 /* Debug */,
				3FE69126278C98E400AB29E7 /* Release */,
			);
			defaultConfigurationIsVisible = 0;
			defaultConfigurationName = Release;
		};
		3FE69127278C98E400AB29E7 /* Build configuration list for PBXNativeTarget "To-Do ListUITests" */ = {
			isa = XCConfigurationList;
			buildConfigurations = (
				3FE69128278C98E400AB29E7 /* Debug */,
				3FE69129278C98E400AB29E7 /* Release */,
			);
			defaultConfigurationIsVisible = 0;
			defaultConfigurationName = Release;
		};
/* End XCConfigurationList section */
	};
	rootObject = 3FE690F4278C98E100AB29E7 /* Project object */;
}
